
Microsoft Visual Studio Solution File, Format Version 12.00
# Visual Studio Version 17
VisualStudioVersion = 17.4.33213.308
MinimumVisualStudioVersion = 10.0.40219.1
Project("{FAE04EC0-301F-11D3-BF4B-00C04F79EFBC}") = "Client _Tcp_SSL", "Client _Tcp_SSL.csproj", "{ADD0A2B3-2A1C-4950-8525-06BF42A3FBEE}"
EndProject
Global
	GlobalSection(SolutionConfigurationPlatforms) = preSolution
		Debug|Any CPU = Debug|Any CPU
		Release|Any CPU = Release|Any CPU
	EndGlobalSection
	GlobalSection(ProjectConfigurationPlatforms) = postSolution
		{ADD0A2B3-2A1C-4950-8525-06BF42A3FBEE}.Debug|Any CPU.ActiveCfg = Debug|Any CPU
		{ADD0A2B3-2A1C-4950-8525-06BF42A3FBEE}.Debug|Any CPU.Build.0 = Debug|Any CPU
		{ADD0A2B3-2A1C-4950-8525-06BF42A3FBEE}.Release|Any CPU.ActiveCfg = Release|Any CPU
		{ADD0A2B3-2A1C-4950-8525-06BF42A3FBEE}.Release|Any CPU.Build.0 = Release|Any CPU
	EndGlobalSection
	GlobalSection(SolutionProperties) = preSolution
		HideSolutionNode = FALSE
	EndGlobalSection
	GlobalSection(ExtensibilityGlobals) = postSolution
		SolutionGuid = {83B32EF3-7836-47DB-BE2F-735113817520}
	EndGlobalSection
EndGlobal
