
Microsoft Visual Studio Solution File, Format Version 12.00
# Visual Studio Version 17
VisualStudioVersion = 17.4.33213.308
MinimumVisualStudioVersion = 10.0.40219.1
Project("{FAE04EC0-301F-11D3-BF4B-00C04F79EFBC}") = "TestUnitaireCesiProgSys", "TestUnitaireCesiProgSys.csproj", "{19B09BC9-5095-494D-BE2D-D9617711B4DC}"
EndProject
Global
	GlobalSection(SolutionConfigurationPlatforms) = preSolution
		Debug|Any CPU = Debug|Any CPU
		Release|Any CPU = Release|Any CPU
	EndGlobalSection
	GlobalSection(ProjectConfigurationPlatforms) = postSolution
		{19B09BC9-5095-494D-BE2D-D9617711B4DC}.Debug|Any CPU.ActiveCfg = Debug|Any CPU
		{19B09BC9-5095-494D-BE2D-D9617711B4DC}.Debug|Any CPU.Build.0 = Debug|Any CPU
		{19B09BC9-5095-494D-BE2D-D9617711B4DC}.Release|Any CPU.ActiveCfg = Release|Any CPU
		{19B09BC9-5095-494D-BE2D-D9617711B4DC}.Release|Any CPU.Build.0 = Release|Any CPU
	EndGlobalSection
	GlobalSection(SolutionProperties) = preSolution
		HideSolutionNode = FALSE
	EndGlobalSection
	GlobalSection(ExtensibilityGlobals) = postSolution
		SolutionGuid = {409BFC1B-E6BA-441E-A7CE-6FB53EC69EC1}
	EndGlobalSection
EndGlobal
