
Microsoft Visual Studio Solution File, Format Version 12.00
# Visual Studio Version 17
VisualStudioVersion = 17.4.33213.308
MinimumVisualStudioVersion = 10.0.40219.1
Project("{9A19103F-16F7-4668-BE54-9A1E7A4F7556}") = "CryptosoftEXE", "CryptosoftEXE.csproj", "{74557D75-BC8A-47D9-9809-A6444A002825}"
EndProject
Project("{FAE04EC0-301F-11D3-BF4B-00C04F79EFBC}") = "UnitTestProjectCryptosoft", "..\UnitTestProjectCryptosoft\UnitTestProjectCryptosoft.csproj", "{43E8F601-193C-4375-86EA-F9E1C27192A0}"
EndProject
Global
	GlobalSection(SolutionConfigurationPlatforms) = preSolution
		Debug|Any CPU = Debug|Any CPU
		Release|Any CPU = Release|Any CPU
	EndGlobalSection
	GlobalSection(ProjectConfigurationPlatforms) = postSolution
		{74557D75-BC8A-47D9-9809-A6444A002825}.Debug|Any CPU.ActiveCfg = Debug|Any CPU
		{74557D75-BC8A-47D9-9809-A6444A002825}.Debug|Any CPU.Build.0 = Debug|Any CPU
		{74557D75-BC8A-47D9-9809-A6444A002825}.Release|Any CPU.ActiveCfg = Release|Any CPU
		{74557D75-BC8A-47D9-9809-A6444A002825}.Release|Any CPU.Build.0 = Release|Any CPU
		{43E8F601-193C-4375-86EA-F9E1C27192A0}.Debug|Any CPU.ActiveCfg = Debug|Any CPU
		{43E8F601-193C-4375-86EA-F9E1C27192A0}.Debug|Any CPU.Build.0 = Debug|Any CPU
		{43E8F601-193C-4375-86EA-F9E1C27192A0}.Release|Any CPU.ActiveCfg = Release|Any CPU
		{43E8F601-193C-4375-86EA-F9E1C27192A0}.Release|Any CPU.Build.0 = Release|Any CPU
	EndGlobalSection
	GlobalSection(SolutionProperties) = preSolution
		HideSolutionNode = FALSE
	EndGlobalSection
	GlobalSection(ExtensibilityGlobals) = postSolution
		SolutionGuid = {7BB3F2C0-31FE-4535-AF00-8EE6A48C6AE4}
	EndGlobalSection
EndGlobal
